
Microsoft Visual Studio Solution File, Format Version 12.00
# Visual Studio 2012
Project("{FAE04EC0-301F-11D3-BF4B-00C04F79EFBC}") = "CrudAspNetMvc", "CrudAspNetMvc\CrudAspNetMvc.csproj", "{8912AE2A-9E19-401B-8503-FADF293B31FB}"
EndProject
Global
	GlobalSection(SolutionConfigurationPlatforms) = preSolution
		Debug|Any CPU = Debug|Any CPU
		Release|Any CPU = Release|Any CPU
	EndGlobalSection
	GlobalSection(ProjectConfigurationPlatforms) = postSolution
		{8912AE2A-9E19-401B-8503-FADF293B31FB}.Debug|Any CPU.ActiveCfg = Debug|Any CPU
		{8912AE2A-9E19-401B-8503-FADF293B31FB}.Debug|Any CPU.Build.0 = Debug|Any CPU
		{8912AE2A-9E19-401B-8503-FADF293B31FB}.Release|Any CPU.ActiveCfg = Release|Any CPU
		{8912AE2A-9E19-401B-8503-FADF293B31FB}.Release|Any CPU.Build.0 = Release|Any CPU
	EndGlobalSection
	GlobalSection(SolutionProperties) = preSolution
		HideSolutionNode = FALSE
	EndGlobalSection
EndGlobal
